<?xml version="1.0" encoding="utf-8"?>
<Project ToolsVersion="4.0" xmlns="http://schemas.microsoft.com/developer/msbuild/2003">
  <ItemGroup>
    <Filter Include="Common">
      <UniqueIdentifier>e3ba2061-575c-4cc9-a338-e9321b6c170f</UniqueIdentifier>
    </Filter>
    <Filter Include="Assets">
      <UniqueIdentifier>24339d92-f478-479f-9fa3-5cce1e9c6b92</UniqueIdentifier>
      <Extensions>bmp;dds;fbx;gif;jpg;jpeg;tga;tiff;tif;png</Extensions>
    </Filter>
    <Filter Include="World">
      <UniqueIdentifier>{7193b733-6c03-4ab6-aa11-2d436c207644}</UniqueIdentifier>
    </Filter>
    <Filter Include="World\Behavior Modules">
      <UniqueIdentifier>{22278dab-c4c6-46aa-9378-a04da554041c}</UniqueIdentifier>
    </Filter>
    <Filter Include="World\Game Objects">
      <UniqueIdentifier>{5458ee53-5506-4663-9325-bbd42d279786}</UniqueIdentifier>
    </Filter>
  </ItemGroup>
  <ItemGroup>
    <ClCompile Include="pch.cpp" />
    <ClCompile Include="Game.cpp" />
    <ClCompile Include="Main.cpp" />
    <ClCompile Include="DeviceResources.cpp">
      <Filter>Common</Filter>
    </ClCompile>
    <ClCompile Include="World\GameObject.cpp">
      <Filter>World\Game Objects</Filter>
    </ClCompile>
    <ClCompile Include="World\World.cpp">
      <Filter>World</Filter>
    </ClCompile>
    <ClCompile Include="World\BehaviorModule.cpp">
      <Filter>World\Behavior Modules</Filter>
    </ClCompile>
    <ClCompile Include="World\PlayerInput.cpp">
      <Filter>World\Behavior Modules</Filter>
    </ClCompile>
    <ClCompile Include="InputResources.cpp">
      <Filter>Common</Filter>
    </ClCompile>
    <ClCompile Include="World\FollowBehavior.cpp">
      <Filter>World\Behavior Modules</Filter>
    </ClCompile>
    <ClCompile Include="World\GameObjectFactory.cpp">
      <Filter>World\Game Objects</Filter>
    </ClCompile>
    <ClCompile Include="Config.cpp" />
    <ClCompile Include="RandomHelper.cpp">
      <Filter>Common</Filter>
    </ClCompile>
  </ItemGroup>
  <ItemGroup>
    <ClInclude Include="pch.h" />
    <ClInclude Include="Game.h" />
    <ClInclude Include="StepTimer.h">
      <Filter>Common</Filter>
    </ClInclude>
    <ClInclude Include="DeviceResources.h">
      <Filter>Common</Filter>
    </ClInclude>
    <ClInclude Include="World\GameObject.h">
      <Filter>World\Game Objects</Filter>
    </ClInclude>
    <ClInclude Include="World\World.h">
      <Filter>World</Filter>
    </ClInclude>
    <ClInclude Include="World\BehaviorModule.h">
      <Filter>World\Behavior Modules</Filter>
    </ClInclude>
    <ClInclude Include="World\PlayerInput.h">
      <Filter>World\Behavior Modules</Filter>
    </ClInclude>
    <ClInclude Include="InputResources.h">
      <Filter>Common</Filter>
    </ClInclude>
    <ClInclude Include="World\FollowBehavior.h">
      <Filter>World\Behavior Modules</Filter>
    </ClInclude>
    <ClInclude Include="World\GameObjectFactory.h">
      <Filter>World\Game Objects</Filter>
    </ClInclude>
    <ClInclude Include="Config.h" />
    <ClInclude Include="RandomHelper.h">
      <Filter>Common</Filter>
    </ClInclude>
  </ItemGroup>
  <ItemGroup>
    <Image Include="Assets\Logo.scale-200.png">
      <Filter>Assets</Filter>
    </Image>
    <Image Include="Assets\SmallLogo.scale-200.png">
      <Filter>Assets</Filter>
    </Image>
    <Image Include="Assets\SplashScreen.scale-200.png">
      <Filter>Assets</Filter>
    </Image>
    <Image Include="Assets\StoreLogo.png">
      <Filter>Assets</Filter>
    </Image>
    <Image Include="Assets\WideLogo.scale-200.png">
      <Filter>Assets</Filter>
    </Image>
    <Image Include="Assets\DefaultGameObject.png">
      <Filter>Assets</Filter>
    </Image>
  </ItemGroup>
  <ItemGroup>
    <AppxManifest Include="Package.appxmanifest" />
  </ItemGroup>
  <ItemGroup>
    <None Include="AI Sandbox_TemporaryKey.pfx" />
    <None Include="packages.config" />
  </ItemGroup>
</Project>